
Microsoft Visual Studio Solution File, Format Version 12.00
# Visual Studio 15
VisualStudioVersion = 15.0.28307.572
MinimumVisualStudioVersion = 10.0.40219.1
Project("{FAE04EC0-301F-11D3-BF4B-00C04F79EFBC}") = "AttaGlance", "AttaGlance\AttaGlance.csproj", "{FBC00807-D441-4C5E-90D3-5B74CC02AD47}"
EndProject
Project("{FAE04EC0-301F-11D3-BF4B-00C04F79EFBC}") = "AttaGlanceOutlookAddIn", "AttaGlanceOutlookAddIn\AttaGlanceOutlookAddIn.csproj", "{9864394E-336E-4186-B8E9-3288374630D2}"
EndProject
Project("{FAE04EC0-301F-11D3-BF4B-00C04F79EFBC}") = "AttaGlanceOutlookAddInWeb", "AttaGlanceOutlookAddInWeb\AttaGlanceOutlookAddInWeb.csproj", "{E7AF1BAE-5075-4AB5-A4A5-52782FEEBCC2}"
EndProject
Global
	GlobalSection(SolutionConfigurationPlatforms) = preSolution
		Debug|Any CPU = Debug|Any CPU
		Debug|ARM = Debug|ARM
		Debug|ARM64 = Debug|ARM64
		Debug|x64 = Debug|x64
		Debug|x86 = Debug|x86
		Release|Any CPU = Release|Any CPU
		Release|ARM = Release|ARM
		Release|ARM64 = Release|ARM64
		Release|x64 = Release|x64
		Release|x86 = Release|x86
	EndGlobalSection
	GlobalSection(ProjectConfigurationPlatforms) = postSolution
		{FBC00807-D441-4C5E-90D3-5B74CC02AD47}.Debug|Any CPU.ActiveCfg = Debug|x86
		{FBC00807-D441-4C5E-90D3-5B74CC02AD47}.Debug|ARM.ActiveCfg = Debug|ARM
		{FBC00807-D441-4C5E-90D3-5B74CC02AD47}.Debug|ARM.Build.0 = Debug|ARM
		{FBC00807-D441-4C5E-90D3-5B74CC02AD47}.Debug|ARM.Deploy.0 = Debug|ARM
		{FBC00807-D441-4C5E-90D3-5B74CC02AD47}.Debug|ARM64.ActiveCfg = Debug|ARM64
		{FBC00807-D441-4C5E-90D3-5B74CC02AD47}.Debug|ARM64.Build.0 = Debug|ARM64
		{FBC00807-D441-4C5E-90D3-5B74CC02AD47}.Debug|ARM64.Deploy.0 = Debug|ARM64
		{FBC00807-D441-4C5E-90D3-5B74CC02AD47}.Debug|x64.ActiveCfg = Debug|x64
		{FBC00807-D441-4C5E-90D3-5B74CC02AD47}.Debug|x64.Build.0 = Debug|x64
		{FBC00807-D441-4C5E-90D3-5B74CC02AD47}.Debug|x64.Deploy.0 = Debug|x64
		{FBC00807-D441-4C5E-90D3-5B74CC02AD47}.Debug|x86.ActiveCfg = Debug|x86
		{FBC00807-D441-4C5E-90D3-5B74CC02AD47}.Debug|x86.Build.0 = Debug|x86
		{FBC00807-D441-4C5E-90D3-5B74CC02AD47}.Debug|x86.Deploy.0 = Debug|x86
		{FBC00807-D441-4C5E-90D3-5B74CC02AD47}.Release|Any CPU.ActiveCfg = Release|x86
		{FBC00807-D441-4C5E-90D3-5B74CC02AD47}.Release|ARM.ActiveCfg = Release|ARM
		{FBC00807-D441-4C5E-90D3-5B74CC02AD47}.Release|ARM.Build.0 = Release|ARM
		{FBC00807-D441-4C5E-90D3-5B74CC02AD47}.Release|ARM.Deploy.0 = Release|ARM
		{FBC00807-D441-4C5E-90D3-5B74CC02AD47}.Release|ARM64.ActiveCfg = Release|ARM64
		{FBC00807-D441-4C5E-90D3-5B74CC02AD47}.Release|ARM64.Build.0 = Release|ARM64
		{FBC00807-D441-4C5E-90D3-5B74CC02AD47}.Release|ARM64.Deploy.0 = Release|ARM64
		{FBC00807-D441-4C5E-90D3-5B74CC02AD47}.Release|x64.ActiveCfg = Release|x64
		{FBC00807-D441-4C5E-90D3-5B74CC02AD47}.Release|x64.Build.0 = Release|x64
		{FBC00807-D441-4C5E-90D3-5B74CC02AD47}.Release|x64.Deploy.0 = Release|x64
		{FBC00807-D441-4C5E-90D3-5B74CC02AD47}.Release|x86.ActiveCfg = Release|x86
		{FBC00807-D441-4C5E-90D3-5B74CC02AD47}.Release|x86.Build.0 = Release|x86
		{FBC00807-D441-4C5E-90D3-5B74CC02AD47}.Release|x86.Deploy.0 = Release|x86
		{9864394E-336E-4186-B8E9-3288374630D2}.Debug|Any CPU.ActiveCfg = Debug|Any CPU
		{9864394E-336E-4186-B8E9-3288374630D2}.Debug|Any CPU.Build.0 = Debug|Any CPU
		{9864394E-336E-4186-B8E9-3288374630D2}.Debug|Any CPU.Deploy.0 = Debug|Any CPU
		{9864394E-336E-4186-B8E9-3288374630D2}.Debug|ARM.ActiveCfg = Debug|Any CPU
		{9864394E-336E-4186-B8E9-3288374630D2}.Debug|ARM.Build.0 = Debug|Any CPU
		{9864394E-336E-4186-B8E9-3288374630D2}.Debug|ARM.Deploy.0 = Debug|Any CPU
		{9864394E-336E-4186-B8E9-3288374630D2}.Debug|ARM64.ActiveCfg = Debug|Any CPU
		{9864394E-336E-4186-B8E9-3288374630D2}.Debug|ARM64.Build.0 = Debug|Any CPU
		{9864394E-336E-4186-B8E9-3288374630D2}.Debug|ARM64.Deploy.0 = Debug|Any CPU
		{9864394E-336E-4186-B8E9-3288374630D2}.Debug|x64.ActiveCfg = Debug|Any CPU
		{9864394E-336E-4186-B8E9-3288374630D2}.Debug|x64.Build.0 = Debug|Any CPU
		{9864394E-336E-4186-B8E9-3288374630D2}.Debug|x64.Deploy.0 = Debug|Any CPU
		{9864394E-336E-4186-B8E9-3288374630D2}.Debug|x86.ActiveCfg = Debug|Any CPU
		{9864394E-336E-4186-B8E9-3288374630D2}.Debug|x86.Build.0 = Debug|Any CPU
		{9864394E-336E-4186-B8E9-3288374630D2}.Debug|x86.Deploy.0 = Debug|Any CPU
		{9864394E-336E-4186-B8E9-3288374630D2}.Release|Any CPU.ActiveCfg = Release|Any CPU
		{9864394E-336E-4186-B8E9-3288374630D2}.Release|Any CPU.Build.0 = Release|Any CPU
		{9864394E-336E-4186-B8E9-3288374630D2}.Release|Any CPU.Deploy.0 = Release|Any CPU
		{9864394E-336E-4186-B8E9-3288374630D2}.Release|ARM.ActiveCfg = Release|Any CPU
		{9864394E-336E-4186-B8E9-3288374630D2}.Release|ARM.Build.0 = Release|Any CPU
		{9864394E-336E-4186-B8E9-3288374630D2}.Release|ARM.Deploy.0 = Release|Any CPU
		{9864394E-336E-4186-B8E9-3288374630D2}.Release|ARM64.ActiveCfg = Release|Any CPU
		{9864394E-336E-4186-B8E9-3288374630D2}.Release|ARM64.Build.0 = Release|Any CPU
		{9864394E-336E-4186-B8E9-3288374630D2}.Release|ARM64.Deploy.0 = Release|Any CPU
		{9864394E-336E-4186-B8E9-3288374630D2}.Release|x64.ActiveCfg = Release|Any CPU
		{9864394E-336E-4186-B8E9-3288374630D2}.Release|x64.Build.0 = Release|Any CPU
		{9864394E-336E-4186-B8E9-3288374630D2}.Release|x64.Deploy.0 = Release|Any CPU
		{9864394E-336E-4186-B8E9-3288374630D2}.Release|x86.ActiveCfg = Release|Any CPU
		{9864394E-336E-4186-B8E9-3288374630D2}.Release|x86.Build.0 = Release|Any CPU
		{9864394E-336E-4186-B8E9-3288374630D2}.Release|x86.Deploy.0 = Release|Any CPU
		{E7AF1BAE-5075-4AB5-A4A5-52782FEEBCC2}.Debug|Any CPU.ActiveCfg = Debug|Any CPU
		{E7AF1BAE-5075-4AB5-A4A5-52782FEEBCC2}.Debug|Any CPU.Build.0 = Debug|Any CPU
		{E7AF1BAE-5075-4AB5-A4A5-52782FEEBCC2}.Debug|ARM.ActiveCfg = Debug|Any CPU
		{E7AF1BAE-5075-4AB5-A4A5-52782FEEBCC2}.Debug|ARM.Build.0 = Debug|Any CPU
		{E7AF1BAE-5075-4AB5-A4A5-52782FEEBCC2}.Debug|ARM64.ActiveCfg = Debug|Any CPU
		{E7AF1BAE-5075-4AB5-A4A5-52782FEEBCC2}.Debug|ARM64.Build.0 = Debug|Any CPU
		{E7AF1BAE-5075-4AB5-A4A5-52782FEEBCC2}.Debug|x64.ActiveCfg = Debug|Any CPU
		{E7AF1BAE-5075-4AB5-A4A5-52782FEEBCC2}.Debug|x64.Build.0 = Debug|Any CPU
		{E7AF1BAE-5075-4AB5-A4A5-52782FEEBCC2}.Debug|x86.ActiveCfg = Debug|Any CPU
		{E7AF1BAE-5075-4AB5-A4A5-52782FEEBCC2}.Debug|x86.Build.0 = Debug|Any CPU
		{E7AF1BAE-5075-4AB5-A4A5-52782FEEBCC2}.Release|Any CPU.ActiveCfg = Release|Any CPU
		{E7AF1BAE-5075-4AB5-A4A5-52782FEEBCC2}.Release|Any CPU.Build.0 = Release|Any CPU
		{E7AF1BAE-5075-4AB5-A4A5-52782FEEBCC2}.Release|ARM.ActiveCfg = Release|Any CPU
		{E7AF1BAE-5075-4AB5-A4A5-52782FEEBCC2}.Release|ARM.Build.0 = Release|Any CPU
		{E7AF1BAE-5075-4AB5-A4A5-52782FEEBCC2}.Release|ARM64.ActiveCfg = Release|Any CPU
		{E7AF1BAE-5075-4AB5-A4A5-52782FEEBCC2}.Release|ARM64.Build.0 = Release|Any CPU
		{E7AF1BAE-5075-4AB5-A4A5-52782FEEBCC2}.Release|x64.ActiveCfg = Release|Any CPU
		{E7AF1BAE-5075-4AB5-A4A5-52782FEEBCC2}.Release|x64.Build.0 = Release|Any CPU
		{E7AF1BAE-5075-4AB5-A4A5-52782FEEBCC2}.Release|x86.ActiveCfg = Release|Any CPU
		{E7AF1BAE-5075-4AB5-A4A5-52782FEEBCC2}.Release|x86.Build.0 = Release|Any CPU
	EndGlobalSection
	GlobalSection(SolutionProperties) = preSolution
		HideSolutionNode = FALSE
	EndGlobalSection
	GlobalSection(ExtensibilityGlobals) = postSolution
		SolutionGuid = {E2090DFF-1BB5-4ADF-809B-32DD961458F8}
	EndGlobalSection
EndGlobal
